
Microsoft Visual Studio Solution File, Format Version 12.00
# Visual Studio 2017
Project("{FAE04EC0-301F-11D3-BF4B-00C04F79EFBC}") = "TobiiUnityBasicDrawing", "TobiiUnityBasicDrawing.csproj", "{0F818A52-F207-60F2-602A-75EC0167EC15}"
EndProject
Project("{FAE04EC0-301F-11D3-BF4B-00C04F79EFBC}") = "TobiiUnityBasicDrawing.Editor", "TobiiUnityBasicDrawing.Editor.csproj", "{28E1151C-D3C5-751F-1A22-01C42FF5EB50}"
EndProject
Global
	GlobalSection(SolutionConfigurationPlatforms) = preSolution
		Debug|Any CPU = Debug|Any CPU
		Release|Any CPU = Release|Any CPU
	EndGlobalSection
	GlobalSection(ProjectConfigurationPlatforms) = postSolution
		{0F818A52-F207-60F2-602A-75EC0167EC15}.Debug|Any CPU.ActiveCfg = Debug|Any CPU
		{0F818A52-F207-60F2-602A-75EC0167EC15}.Debug|Any CPU.Build.0 = Debug|Any CPU
		{0F818A52-F207-60F2-602A-75EC0167EC15}.Release|Any CPU.ActiveCfg = Release|Any CPU
		{0F818A52-F207-60F2-602A-75EC0167EC15}.Release|Any CPU.Build.0 = Release|Any CPU
		{28E1151C-D3C5-751F-1A22-01C42FF5EB50}.Debug|Any CPU.ActiveCfg = Debug|Any CPU
		{28E1151C-D3C5-751F-1A22-01C42FF5EB50}.Debug|Any CPU.Build.0 = Debug|Any CPU
		{28E1151C-D3C5-751F-1A22-01C42FF5EB50}.Release|Any CPU.ActiveCfg = Release|Any CPU
		{28E1151C-D3C5-751F-1A22-01C42FF5EB50}.Release|Any CPU.Build.0 = Release|Any CPU
	EndGlobalSection
	GlobalSection(SolutionProperties) = preSolution
		HideSolutionNode = FALSE
	EndGlobalSection
EndGlobal
